// !$*UTF8*$!
{
	archiveVersion = 1;
	classes = {
	};
	objectVersion = 56;
	objects = {

/* Begin PBXBuildFile section */
		1D6DC50A2C80F44F006E2920 /* PublicationsViewController.swift in Sources */ = {isa = PBXBuildFile; fileRef = 1D6DC5072C80F44E006E2920 /* PublicationsViewController.swift */; };
		1D6DC50B2C80F44F006E2920 /* PublicationCell.swift in Sources */ = {isa = PBXBuildFile; fileRef = 1D6DC5082C80F44E006E2920 /* PublicationCell.swift */; };
		1D6DC50C2C80F44F006E2920 /* SectionHeader.swift in Sources */ = {isa = PBXBuildFile; fileRef = 1D6DC5092C80F44F006E2920 /* SectionHeader.swift */; };
		1D6DC5102C80F474006E2920 /* Locale+Extensions.swift in Sources */ = {isa = PBXBuildFile; fileRef = 1D6DC50D2C80F474006E2920 /* Locale+Extensions.swift */; };
		1D6DC5112C80F474006E2920 /* UIImageView+Extensions.swift in Sources */ = {isa = PBXBuildFile; fileRef = 1D6DC50E2C80F474006E2920 /* UIImageView+Extensions.swift */; };
		1D7F8EDF2C8113700086C944 /* OfferDetailsView.swift in Sources */ = {isa = PBXBuildFile; fileRef = 1D7F8EDC2C8113700086C944 /* OfferDetailsView.swift */; };
		1D7F8EE02C8113700086C944 /* OfferDetailsViewHostController.swift in Sources */ = {isa = PBXBuildFile; fileRef = 1D7F8EDD2C8113700086C944 /* OfferDetailsViewHostController.swift */; };
		1DE10AEE2C88A61D00B0CF08 /* dvm-sdk in Frameworks */ = {isa = PBXBuildFile; productRef = 1DE10AED2C88A61D00B0CF08 /* dvm-sdk */; };
		CD6965582C5BAADE007E8D73 /* BorderedTextField.swift in Sources */ = {isa = PBXBuildFile; fileRef = CD6965572C5BAADE007E8D73 /* BorderedTextField.swift */; };
		CD69655A2C5BB245007E8D73 /* Style.swift in Sources */ = {isa = PBXBuildFile; fileRef = CD6965592C5BB245007E8D73 /* Style.swift */; };
		CDA80EB42C3EE22F00319BE9 /* AppDelegate.swift in Sources */ = {isa = PBXBuildFile; fileRef = CDA80EB32C3EE22F00319BE9 /* AppDelegate.swift */; };
		CDA80EB62C3EE22F00319BE9 /* SceneDelegate.swift in Sources */ = {isa = PBXBuildFile; fileRef = CDA80EB52C3EE22F00319BE9 /* SceneDelegate.swift */; };
		CDA80EB82C3EE22F00319BE9 /* PublicationViewController.swift in Sources */ = {isa = PBXBuildFile; fileRef = CDA80EB72C3EE22F00319BE9 /* PublicationViewController.swift */; };
		CDA80EBB2C3EE22F00319BE9 /* Main.storyboard in Resources */ = {isa = PBXBuildFile; fileRef = CDA80EB92C3EE22F00319BE9 /* Main.storyboard */; };
		CDA80EBD2C3EE23000319BE9 /* Assets.xcassets in Resources */ = {isa = PBXBuildFile; fileRef = CDA80EBC2C3EE23000319BE9 /* Assets.xcassets */; };
		CDA80EC02C3EE23000319BE9 /* LaunchScreen.storyboard in Resources */ = {isa = PBXBuildFile; fileRef = CDA80EBE2C3EE23000319BE9 /* LaunchScreen.storyboard */; };
		CDA80EFA2C480B5700319BE9 /* InitialViewController.swift in Sources */ = {isa = PBXBuildFile; fileRef = CDA80EF92C480B5700319BE9 /* InitialViewController.swift */; };
/* End PBXBuildFile section */

/* Begin PBXCopyFilesBuildPhase section */
		CD4D719B2C654E2E0027BD3F /* Embed Frameworks */ = {
			isa = PBXCopyFilesBuildPhase;
			buildActionMask = 2147483647;
			dstPath = "";
			dstSubfolderSpec = 10;
			files = (
			);
			name = "Embed Frameworks";
			runOnlyForDeploymentPostprocessing = 0;
		};
/* End PBXCopyFilesBuildPhase section */

/* Begin PBXFileReference section */
		1D6DC5072C80F44E006E2920 /* PublicationsViewController.swift */ = {isa = PBXFileReference; fileEncoding = 4; lastKnownFileType = sourcecode.swift; path = PublicationsViewController.swift; sourceTree = "<group>"; };
		1D6DC5082C80F44E006E2920 /* PublicationCell.swift */ = {isa = PBXFileReference; fileEncoding = 4; lastKnownFileType = sourcecode.swift; path = PublicationCell.swift; sourceTree = "<group>"; };
		1D6DC5092C80F44F006E2920 /* SectionHeader.swift */ = {isa = PBXFileReference; fileEncoding = 4; lastKnownFileType = sourcecode.swift; path = SectionHeader.swift; sourceTree = "<group>"; };
		1D6DC50D2C80F474006E2920 /* Locale+Extensions.swift */ = {isa = PBXFileReference; fileEncoding = 4; lastKnownFileType = sourcecode.swift; path = "Locale+Extensions.swift"; sourceTree = "<group>"; };
		1D6DC50E2C80F474006E2920 /* UIImageView+Extensions.swift */ = {isa = PBXFileReference; fileEncoding = 4; lastKnownFileType = sourcecode.swift; path = "UIImageView+Extensions.swift"; sourceTree = "<group>"; };
		1D7F8EDC2C8113700086C944 /* OfferDetailsView.swift */ = {isa = PBXFileReference; fileEncoding = 4; lastKnownFileType = sourcecode.swift; path = OfferDetailsView.swift; sourceTree = "<group>"; };
		1D7F8EDD2C8113700086C944 /* OfferDetailsViewHostController.swift */ = {isa = PBXFileReference; fileEncoding = 4; lastKnownFileType = sourcecode.swift; path = OfferDetailsViewHostController.swift; sourceTree = "<group>"; };
		CD6965572C5BAADE007E8D73 /* BorderedTextField.swift */ = {isa = PBXFileReference; lastKnownFileType = sourcecode.swift; path = BorderedTextField.swift; sourceTree = "<group>"; };
		CD6965592C5BB245007E8D73 /* Style.swift */ = {isa = PBXFileReference; lastKnownFileType = sourcecode.swift; path = Style.swift; sourceTree = "<group>"; };
		CDA80EB02C3EE22F00319BE9 /* dvm-sample.app */ = {isa = PBXFileReference; explicitFileType = wrapper.application; includeInIndex = 0; path = "dvm-sample.app"; sourceTree = BUILT_PRODUCTS_DIR; };
		CDA80EB32C3EE22F00319BE9 /* AppDelegate.swift */ = {isa = PBXFileReference; lastKnownFileType = sourcecode.swift; path = AppDelegate.swift; sourceTree = "<group>"; };
		CDA80EB52C3EE22F00319BE9 /* SceneDelegate.swift */ = {isa = PBXFileReference; lastKnownFileType = sourcecode.swift; path = SceneDelegate.swift; sourceTree = "<group>"; };
		CDA80EB72C3EE22F00319BE9 /* PublicationViewController.swift */ = {isa = PBXFileReference; lastKnownFileType = sourcecode.swift; path = PublicationViewController.swift; sourceTree = "<group>"; };
		CDA80EBA2C3EE22F00319BE9 /* Base */ = {isa = PBXFileReference; lastKnownFileType = file.storyboard; name = Base; path = Base.lproj/Main.storyboard; sourceTree = "<group>"; };
		CDA80EBC2C3EE23000319BE9 /* Assets.xcassets */ = {isa = PBXFileReference; lastKnownFileType = folder.assetcatalog; path = Assets.xcassets; sourceTree = "<group>"; };
		CDA80EBF2C3EE23000319BE9 /* Base */ = {isa = PBXFileReference; lastKnownFileType = file.storyboard; name = Base; path = Base.lproj/LaunchScreen.storyboard; sourceTree = "<group>"; };
		CDA80EC12C3EE23000319BE9 /* Info.plist */ = {isa = PBXFileReference; lastKnownFileType = text.plist.xml; path = Info.plist; sourceTree = "<group>"; };
		CDA80EF92C480B5700319BE9 /* InitialViewController.swift */ = {isa = PBXFileReference; lastKnownFileType = sourcecode.swift; path = InitialViewController.swift; sourceTree = "<group>"; };
/* End PBXFileReference section */

/* Begin PBXFrameworksBuildPhase section */
		CDA80EAD2C3EE22F00319BE9 /* Frameworks */ = {
			isa = PBXFrameworksBuildPhase;
			buildActionMask = 2147483647;
			files = (
				1DE10AEE2C88A61D00B0CF08 /* dvm-sdk in Frameworks */,
			);
			runOnlyForDeploymentPostprocessing = 0;
		};
/* End PBXFrameworksBuildPhase section */

/* Begin PBXGroup section */
		1D6DC5062C80F447006E2920 /* Publications */ = {
			isa = PBXGroup;
			children = (
				1D6DC5082C80F44E006E2920 /* PublicationCell.swift */,
				1D6DC5072C80F44E006E2920 /* PublicationsViewController.swift */,
				1D6DC5092C80F44F006E2920 /* SectionHeader.swift */,
			);
			path = Publications;
			sourceTree = "<group>";
		};
		1D6DC50F2C80F474006E2920 /* Extensions */ = {
			isa = PBXGroup;
			children = (
				1D6DC50D2C80F474006E2920 /* Locale+Extensions.swift */,
				1D6DC50E2C80F474006E2920 /* UIImageView+Extensions.swift */,
			);
			path = Extensions;
			sourceTree = "<group>";
		};
		1D7F8EDE2C8113700086C944 /* Offer Details */ = {
			isa = PBXGroup;
			children = (
				1D7F8EDC2C8113700086C944 /* OfferDetailsView.swift */,
				1D7F8EDD2C8113700086C944 /* OfferDetailsViewHostController.swift */,
			);
			path = "Offer Details";
			sourceTree = "<group>";
		};
		CD6965562C5BAACC007E8D73 /* UI */ = {
			isa = PBXGroup;
			children = (
				CD6965572C5BAADE007E8D73 /* BorderedTextField.swift */,
				CD6965592C5BB245007E8D73 /* Style.swift */,
			);
			path = UI;
			sourceTree = "<group>";
		};
		CD69656D2C5BD286007E8D73 /* Frameworks */ = {
			isa = PBXGroup;
			children = (
			);
			name = Frameworks;
			sourceTree = "<group>";
		};
		CDA80EA72C3EE22F00319BE9 = {
			isa = PBXGroup;
			children = (
				CDA80EB22C3EE22F00319BE9 /* dvm-sample */,
				CDA80EB12C3EE22F00319BE9 /* Products */,
				CD69656D2C5BD286007E8D73 /* Frameworks */,
			);
			sourceTree = "<group>";
		};
		CDA80EB12C3EE22F00319BE9 /* Products */ = {
			isa = PBXGroup;
			children = (
				CDA80EB02C3EE22F00319BE9 /* dvm-sample.app */,
			);
			name = Products;
			sourceTree = "<group>";
		};
		CDA80EB22C3EE22F00319BE9 /* dvm-sample */ = {
			isa = PBXGroup;
			children = (
				CD6965562C5BAACC007E8D73 /* UI */,
				CDA80EB32C3EE22F00319BE9 /* AppDelegate.swift */,
				CDA80EB52C3EE22F00319BE9 /* SceneDelegate.swift */,
				CDA80EB72C3EE22F00319BE9 /* PublicationViewController.swift */,
				CDA80EF92C480B5700319BE9 /* InitialViewController.swift */,
				1D6DC50F2C80F474006E2920 /* Extensions */,
				1D6DC5062C80F447006E2920 /* Publications */,
				1D7F8EDE2C8113700086C944 /* Offer Details */,
				CDA80EB92C3EE22F00319BE9 /* Main.storyboard */,
				CDA80EBC2C3EE23000319BE9 /* Assets.xcassets */,
				CDA80EBE2C3EE23000319BE9 /* LaunchScreen.storyboard */,
				CDA80EC12C3EE23000319BE9 /* Info.plist */,
			);
			path = "dvm-sample";
			sourceTree = "<group>";
		};
/* End PBXGroup section */

/* Begin PBXNativeTarget section */
		CDA80EAF2C3EE22F00319BE9 /* dvm-sample */ = {
			isa = PBXNativeTarget;
			buildConfigurationList = CDA80EC42C3EE23000319BE9 /* Build configuration list for PBXNativeTarget "dvm-sample" */;
			buildPhases = (
				CDA80EAC2C3EE22F00319BE9 /* Sources */,
				CDA80EAD2C3EE22F00319BE9 /* Frameworks */,
				CDA80EAE2C3EE22F00319BE9 /* Resources */,
				CD4D719B2C654E2E0027BD3F /* Embed Frameworks */,
			);
			buildRules = (
			);
			dependencies = (
			);
			name = "dvm-sample";
			packageProductDependencies = (
				1DE10AED2C88A61D00B0CF08 /* dvm-sdk */,
			);
			productName = "dvm-sample";
			productReference = CDA80EB02C3EE22F00319BE9 /* dvm-sample.app */;
			productType = "com.apple.product-type.application";
		};
/* End PBXNativeTarget section */

/* Begin PBXProject section */
		CDA80EA82C3EE22F00319BE9 /* Project object */ = {
			isa = PBXProject;
			attributes = {
				BuildIndependentTargetsInParallel = 1;
				LastSwiftUpdateCheck = 1520;
				LastUpgradeCheck = 1520;
				TargetAttributes = {
					CDA80EAF2C3EE22F00319BE9 = {
						CreatedOnToolsVersion = 15.2;
					};
				};
			};
			buildConfigurationList = CDA80EAB2C3EE22F00319BE9 /* Build configuration list for PBXProject "dvm-sample" */;
			compatibilityVersion = "Xcode 14.0";
			developmentRegion = en;
			hasScannedForEncodings = 0;
			knownRegions = (
				en,
				Base,
			);
			mainGroup = CDA80EA72C3EE22F00319BE9;
			packageReferences = (
				CD3409592C87F07B00D1869A /* XCRemoteSwiftPackageReference "dvm-ios-binaries" */,
			);
			productRefGroup = CDA80EB12C3EE22F00319BE9 /* Products */;
			projectDirPath = "";
			projectRoot = "";
			targets = (
				CDA80EAF2C3EE22F00319BE9 /* dvm-sample */,
			);
		};
/* End PBXProject section */

/* Begin PBXResourcesBuildPhase section */
		CDA80EAE2C3EE22F00319BE9 /* Resources */ = {
			isa = PBXResourcesBuildPhase;
			buildActionMask = 2147483647;
			files = (
				CDA80EC02C3EE23000319BE9 /* LaunchScreen.storyboard in Resources */,
				CDA80EBD2C3EE23000319BE9 /* Assets.xcassets in Resources */,
				CDA80EBB2C3EE22F00319BE9 /* Main.storyboard in Resources */,
			);
			runOnlyForDeploymentPostprocessing = 0;
		};
/* End PBXResourcesBuildPhase section */

/* Begin PBXSourcesBuildPhase section */
		CDA80EAC2C3EE22F00319BE9 /* Sources */ = {
			isa = PBXSourcesBuildPhase;
			buildActionMask = 2147483647;
			files = (
				CDA80EB82C3EE22F00319BE9 /* PublicationViewController.swift in Sources */,
				1D6DC50A2C80F44F006E2920 /* PublicationsViewController.swift in Sources */,
				1D6DC50B2C80F44F006E2920 /* PublicationCell.swift in Sources */,
				CDA80EB42C3EE22F00319BE9 /* AppDelegate.swift in Sources */,
				CDA80EB62C3EE22F00319BE9 /* SceneDelegate.swift in Sources */,
				1D7F8EE02C8113700086C944 /* OfferDetailsViewHostController.swift in Sources */,
				1D7F8EDF2C8113700086C944 /* OfferDetailsView.swift in Sources */,
				1D6DC5112C80F474006E2920 /* UIImageView+Extensions.swift in Sources */,
				CD6965582C5BAADE007E8D73 /* BorderedTextField.swift in Sources */,
				1D6DC50C2C80F44F006E2920 /* SectionHeader.swift in Sources */,
				1D6DC5102C80F474006E2920 /* Locale+Extensions.swift in Sources */,
				CDA80EFA2C480B5700319BE9 /* InitialViewController.swift in Sources */,
				CD69655A2C5BB245007E8D73 /* Style.swift in Sources */,
			);
			runOnlyForDeploymentPostprocessing = 0;
		};
/* End PBXSourcesBuildPhase section */

/* Begin PBXVariantGroup section */
		CDA80EB92C3EE22F00319BE9 /* Main.storyboard */ = {
			isa = PBXVariantGroup;
			children = (
				CDA80EBA2C3EE22F00319BE9 /* Base */,
			);
			name = Main.storyboard;
			sourceTree = "<group>";
		};
		CDA80EBE2C3EE23000319BE9 /* LaunchScreen.storyboard */ = {
			isa = PBXVariantGroup;
			children = (
				CDA80EBF2C3EE23000319BE9 /* Base */,
			);
			name = LaunchScreen.storyboard;
			sourceTree = "<group>";
		};
/* End PBXVariantGroup section */

/* Begin XCBuildConfiguration section */
		CDA80EC22C3EE23000319BE9 /* Debug */ = {
			isa = XCBuildConfiguration;
			buildSettings = {
				ALWAYS_SEARCH_USER_PATHS = NO;
				ASSETCATALOG_COMPILER_GENERATE_SWIFT_ASSET_SYMBOL_EXTENSIONS = YES;
				CLANG_ANALYZER_NONNULL = YES;
				CLANG_ANALYZER_NUMBER_OBJECT_CONVERSION = YES_AGGRESSIVE;
				CLANG_CXX_LANGUAGE_STANDARD = "gnu++20";
				CLANG_ENABLE_MODULES = YES;
				CLANG_ENABLE_OBJC_ARC = YES;
				CLANG_ENABLE_OBJC_WEAK = YES;
				CLANG_WARN_BLOCK_CAPTURE_AUTORELEASING = YES;
				CLANG_WARN_BOOL_CONVERSION = YES;
				CLANG_WARN_COMMA = YES;
				CLANG_WARN_CONSTANT_CONVERSION = YES;
				CLANG_WARN_DEPRECATED_OBJC_IMPLEMENTATIONS = YES;
				CLANG_WARN_DIRECT_OBJC_ISA_USAGE = YES_ERROR;
				CLANG_WARN_DOCUMENTATION_COMMENTS = YES;
				CLANG_WARN_EMPTY_BODY = YES;
				CLANG_WARN_ENUM_CONVERSION = YES;
				CLANG_WARN_INFINITE_RECURSION = YES;
				CLANG_WARN_INT_CONVERSION = YES;
				CLANG_WARN_NON_LITERAL_NULL_CONVERSION = YES;
				CLANG_WARN_OBJC_IMPLICIT_RETAIN_SELF = YES;
				CLANG_WARN_OBJC_LITERAL_CONVERSION = YES;
				CLANG_WARN_OBJC_ROOT_CLASS = YES_ERROR;
				CLANG_WARN_QUOTED_INCLUDE_IN_FRAMEWORK_HEADER = YES;
				CLANG_WARN_RANGE_LOOP_ANALYSIS = YES;
				CLANG_WARN_STRICT_PROTOTYPES = YES;
				CLANG_WARN_SUSPICIOUS_MOVE = YES;
				CLANG_WARN_UNGUARDED_AVAILABILITY = YES_AGGRESSIVE;
				CLANG_WARN_UNREACHABLE_CODE = YES;
				CLANG_WARN__DUPLICATE_METHOD_MATCH = YES;
				COPY_PHASE_STRIP = NO;
				DEBUG_INFORMATION_FORMAT = dwarf;
				ENABLE_STRICT_OBJC_MSGSEND = YES;
				ENABLE_TESTABILITY = YES;
				ENABLE_USER_SCRIPT_SANDBOXING = YES;
				GCC_C_LANGUAGE_STANDARD = gnu17;
				GCC_DYNAMIC_NO_PIC = NO;
				GCC_NO_COMMON_BLOCKS = YES;
				GCC_OPTIMIZATION_LEVEL = 0;
				GCC_PREPROCESSOR_DEFINITIONS = (
					"DEBUG=1",
					"$(inherited)",
				);
				GCC_WARN_64_TO_32_BIT_CONVERSION = YES;
				GCC_WARN_ABOUT_RETURN_TYPE = YES_ERROR;
				GCC_WARN_UNDECLARED_SELECTOR = YES;
				GCC_WARN_UNINITIALIZED_AUTOS = YES_AGGRESSIVE;
				GCC_WARN_UNUSED_FUNCTION = YES;
				GCC_WARN_UNUSED_VARIABLE = YES;
				IPHONEOS_DEPLOYMENT_TARGET = 17.2;
				LOCALIZATION_PREFERS_STRING_CATALOGS = YES;
				MTL_ENABLE_DEBUG_INFO = INCLUDE_SOURCE;
				MTL_FAST_MATH = YES;
				ONLY_ACTIVE_ARCH = YES;
				SDKROOT = iphoneos;
				SWIFT_ACTIVE_COMPILATION_CONDITIONS = "DEBUG $(inherited)";
				SWIFT_OPTIMIZATION_LEVEL = "-Onone";
			};
			name = Debug;
		};
		CDA80EC32C3EE23000319BE9 /* Release */ = {
			isa = XCBuildConfiguration;
			buildSettings = {
				ALWAYS_SEARCH_USER_PATHS = NO;
				ASSETCATALOG_COMPILER_GENERATE_SWIFT_ASSET_SYMBOL_EXTENSIONS = YES;
				CLANG_ANALYZER_NONNULL = YES;
				CLANG_ANALYZER_NUMBER_OBJECT_CONVERSION = YES_AGGRESSIVE;
				CLANG_CXX_LANGUAGE_STANDARD = "gnu++20";
				CLANG_ENABLE_MODULES = YES;
				CLANG_ENABLE_OBJC_ARC = YES;
				CLANG_ENABLE_OBJC_WEAK = YES;
				CLANG_WARN_BLOCK_CAPTURE_AUTORELEASING = YES;
				CLANG_WARN_BOOL_CONVERSION = YES;
				CLANG_WARN_COMMA = YES;
				CLANG_WARN_CONSTANT_CONVERSION = YES;
				CLANG_WARN_DEPRECATED_OBJC_IMPLEMENTATIONS = YES;
				CLANG_WARN_DIRECT_OBJC_ISA_USAGE = YES_ERROR;
				CLANG_WARN_DOCUMENTATION_COMMENTS = YES;
				CLANG_WARN_EMPTY_BODY = YES;
				CLANG_WARN_ENUM_CONVERSION = YES;
				CLANG_WARN_INFINITE_RECURSION = YES;
				CLANG_WARN_INT_CONVERSION = YES;
				CLANG_WARN_NON_LITERAL_NULL_CONVERSION = YES;
				CLANG_WARN_OBJC_IMPLICIT_RETAIN_SELF = YES;
				CLANG_WARN_OBJC_LITERAL_CONVERSION = YES;
				CLANG_WARN_OBJC_ROOT_CLASS = YES_ERROR;
				CLANG_WARN_QUOTED_INCLUDE_IN_FRAMEWORK_HEADER = YES;
				CLANG_WARN_RANGE_LOOP_ANALYSIS = YES;
				CLANG_WARN_STRICT_PROTOTYPES = YES;
				CLANG_WARN_SUSPICIOUS_MOVE = YES;
				CLANG_WARN_UNGUARDED_AVAILABILITY = YES_AGGRESSIVE;
				CLANG_WARN_UNREACHABLE_CODE = YES;
				CLANG_WARN__DUPLICATE_METHOD_MATCH = YES;
				COPY_PHASE_STRIP = NO;
				DEBUG_INFORMATION_FORMAT = "dwarf-with-dsym";
				ENABLE_NS_ASSERTIONS = NO;
				ENABLE_STRICT_OBJC_MSGSEND = YES;
				ENABLE_USER_SCRIPT_SANDBOXING = YES;
				GCC_C_LANGUAGE_STANDARD = gnu17;
				GCC_NO_COMMON_BLOCKS = YES;
				GCC_WARN_64_TO_32_BIT_CONVERSION = YES;
				GCC_WARN_ABOUT_RETURN_TYPE = YES_ERROR;
				GCC_WARN_UNDECLARED_SELECTOR = YES;
				GCC_WARN_UNINITIALIZED_AUTOS = YES_AGGRESSIVE;
				GCC_WARN_UNUSED_FUNCTION = YES;
				GCC_WARN_UNUSED_VARIABLE = YES;
				IPHONEOS_DEPLOYMENT_TARGET = 17.2;
				LOCALIZATION_PREFERS_STRING_CATALOGS = YES;
				MTL_ENABLE_DEBUG_INFO = NO;
				MTL_FAST_MATH = YES;
				SDKROOT = iphoneos;
				SWIFT_COMPILATION_MODE = wholemodule;
				VALIDATE_PRODUCT = YES;
			};
			name = Release;
		};
		CDA80EC52C3EE23000319BE9 /* Debug */ = {
			isa = XCBuildConfiguration;
			buildSettings = {
				ASSETCATALOG_COMPILER_APPICON_NAME = AppIcon;
				ASSETCATALOG_COMPILER_GLOBAL_ACCENT_COLOR_NAME = AccentColor;
				CODE_SIGN_STYLE = Automatic;
				CURRENT_PROJECT_VERSION = 25;
				DEVELOPMENT_TEAM = F4L59Q2V96;
				FRAMEWORK_SEARCH_PATHS = (
					"$(inherited)",
					"$(PROJECT_DIR)",
				);
				GENERATE_INFOPLIST_FILE = YES;
				INFOPLIST_FILE = "dvm-sample/Info.plist";
				INFOPLIST_KEY_CFBundleDisplayName = "DVM Sample";
				INFOPLIST_KEY_UIApplicationSupportsIndirectInputEvents = YES;
				INFOPLIST_KEY_UILaunchStoryboardName = LaunchScreen;
				INFOPLIST_KEY_UIMainStoryboardFile = Main;
				INFOPLIST_KEY_UISupportedInterfaceOrientations_iPad = "UIInterfaceOrientationPortrait UIInterfaceOrientationPortraitUpsideDown UIInterfaceOrientationLandscapeLeft UIInterfaceOrientationLandscapeRight";
				INFOPLIST_KEY_UISupportedInterfaceOrientations_iPhone = "UIInterfaceOrientationPortrait UIInterfaceOrientationLandscapeLeft UIInterfaceOrientationLandscapeRight";
				IPHONEOS_DEPLOYMENT_TARGET = 15.0;
				LD_RUNPATH_SEARCH_PATHS = (
					"$(inherited)",
					"@executable_path/Frameworks",
				);
				MARKETING_VERSION = 1.0.1;
				PRODUCT_BUNDLE_IDENTIFIER = com.flipp.dvmsample.external;
				PRODUCT_NAME = "$(TARGET_NAME)";
				SWIFT_EMIT_LOC_STRINGS = YES;
				SWIFT_VERSION = 5.0;
				TARGETED_DEVICE_FAMILY = "1,2";
			};
			name = Debug;
		};
		CDA80EC62C3EE23000319BE9 /* Release */ = {
			isa = XCBuildConfiguration;
			buildSettings = {
				ASSETCATALOG_COMPILER_APPICON_NAME = AppIcon;
				ASSETCATALOG_COMPILER_GLOBAL_ACCENT_COLOR_NAME = AccentColor;
				CODE_SIGN_STYLE = Automatic;
				CURRENT_PROJECT_VERSION = 25;
				DEVELOPMENT_TEAM = F4L59Q2V96;
				FRAMEWORK_SEARCH_PATHS = (
					"$(inherited)",
					"$(PROJECT_DIR)",
				);
				GENERATE_INFOPLIST_FILE = YES;
				INFOPLIST_FILE = "dvm-sample/Info.plist";
				INFOPLIST_KEY_CFBundleDisplayName = "DVM Sample";
				INFOPLIST_KEY_UIApplicationSupportsIndirectInputEvents = YES;
				INFOPLIST_KEY_UILaunchStoryboardName = LaunchScreen;
				INFOPLIST_KEY_UIMainStoryboardFile = Main;
				INFOPLIST_KEY_UISupportedInterfaceOrientations_iPad = "UIInterfaceOrientationPortrait UIInterfaceOrientationPortraitUpsideDown UIInterfaceOrientationLandscapeLeft UIInterfaceOrientationLandscapeRight";
				INFOPLIST_KEY_UISupportedInterfaceOrientations_iPhone = "UIInterfaceOrientationPortrait UIInterfaceOrientationLandscapeLeft UIInterfaceOrientationLandscapeRight";
				IPHONEOS_DEPLOYMENT_TARGET = 15.0;
				LD_RUNPATH_SEARCH_PATHS = (
					"$(inherited)",
					"@executable_path/Frameworks",
				);
				MARKETING_VERSION = 1.0.1;
				PRODUCT_BUNDLE_IDENTIFIER = com.flipp.dvmsample.external;
				PRODUCT_NAME = "$(TARGET_NAME)";
				SWIFT_EMIT_LOC_STRINGS = YES;
				SWIFT_VERSION = 5.0;
				TARGETED_DEVICE_FAMILY = "1,2";
			};
			name = Release;
		};
/* End XCBuildConfiguration section */

/* Begin XCConfigurationList section */
		CDA80EAB2C3EE22F00319BE9 /* Build configuration list for PBXProject "dvm-sample" */ = {
			isa = XCConfigurationList;
			buildConfigurations = (
				CDA80EC22C3EE23000319BE9 /* Debug */,
				CDA80EC32C3EE23000319BE9 /* Release */,
			);
			defaultConfigurationIsVisible = 0;
			defaultConfigurationName = Release;
		};
		CDA80EC42C3EE23000319BE9 /* Build configuration list for PBXNativeTarget "dvm-sample" */ = {
			isa = XCConfigurationList;
			buildConfigurations = (
				CDA80EC52C3EE23000319BE9 /* Debug */,
				CDA80EC62C3EE23000319BE9 /* Release */,
			);
			defaultConfigurationIsVisible = 0;
			defaultConfigurationName = Release;
		};
/* End XCConfigurationList section */

/* Begin XCRemoteSwiftPackageReference section */
		CD3409592C87F07B00D1869A /* XCRemoteSwiftPackageReference "dvm-ios-binaries" */ = {
			isa = XCRemoteSwiftPackageReference;
			repositoryURL = "https://github.com/wishabi/dvm-ios-binaries/";
			requirement = {
				kind = exactVersion;
				version = 1.1.0;
			};
		};
/* End XCRemoteSwiftPackageReference section */

/* Begin XCSwiftPackageProductDependency section */
		1DE10AED2C88A61D00B0CF08 /* dvm-sdk */ = {
			isa = XCSwiftPackageProductDependency;
			package = CD3409592C87F07B00D1869A /* XCRemoteSwiftPackageReference "dvm-ios-binaries" */;
			productName = "dvm-sdk";
		};
/* End XCSwiftPackageProductDependency section */
	};
	rootObject = CDA80EA82C3EE22F00319BE9 /* Project object */;
}
