{
  "pins" : [
    {
      "identity" : "dvm-ios-binaries",
      "kind" : "remoteSourceControl",
      "location" : "https://github.com/wishabi/dvm-ios-binaries/",
      "state" : {
        "revision" : "41f8fd67e124e1aed0757a30f930c80c38b2782b",
        "version" : "1.3.0"
      }
    }
  ],
  "version" : 2
}
