{
  "originHash" : "4320e8f2ce834181f75af2de802843e91ef652a4b36581c9f806cf5ac37b701d",
  "pins" : [
    {
      "identity" : "dvm-ios-binaries",
      "kind" : "remoteSourceControl",
      "location" : "https://github.com/wishabi/dvm-ios-binaries/",
      "state" : {
        "revision" : "5479ccbdcb4d5df1beeb7eb920c75c098e4607f0",
        "version" : "2.1.6"
      }
    }
  ],
  "version" : 3
}
