{
  "pins" : [
    {
      "identity" : "dvm-ios-binaries",
      "kind" : "remoteSourceControl",
      "location" : "https://github.com/wishabi/dvm-ios-binaries/",
      "state" : {
        "revision" : "71e1fd8dfc2d1cea1f36057355ba963311ad5d72",
        "version" : "1.0.1"
      }
    }
  ],
  "version" : 2
}
